// !$*UTF8*$!
{
	archiveVersion = 1;
	classes = {
	};
	objectVersion = 46;
	objects = {

/* Begin PBXBuildFile section */
		193EE69593B9435B07AA1C1D /* libPods-MJ_iOS_Proj.a in Frameworks */ = {isa = PBXBuildFile; fileRef = E6079BC23FF3175D1D7EA044 /* libPods-MJ_iOS_Proj.a */; };
		350600141D50AC4B00DAFF6C /* main.m in Sources */ = {isa = PBXBuildFile; fileRef = 350600131D50AC4B00DAFF6C /* main.m */; };
		350600171D50AC4B00DAFF6C /* AppDelegate.m in Sources */ = {isa = PBXBuildFile; fileRef = 350600161D50AC4B00DAFF6C /* AppDelegate.m */; };
		3506001A1D50AC4B00DAFF6C /* ViewController.m in Sources */ = {isa = PBXBuildFile; fileRef = 350600191D50AC4B00DAFF6C /* ViewController.m */; };
		3506001D1D50AC4B00DAFF6C /* Main.storyboard in Resources */ = {isa = PBXBuildFile; fileRef = 3506001B1D50AC4B00DAFF6C /* Main.storyboard */; };
		3506001F1D50AC4B00DAFF6C /* Assets.xcassets in Resources */ = {isa = PBXBuildFile; fileRef = 3506001E1D50AC4B00DAFF6C /* Assets.xcassets */; };
		350600221D50AC4B00DAFF6C /* LaunchScreen.storyboard in Resources */ = {isa = PBXBuildFile; fileRef = 350600201D50AC4B00DAFF6C /* LaunchScreen.storyboard */; };
		3506002D1D50AC4B00DAFF6C /* MJ_iOS_ProjTests.m in Sources */ = {isa = PBXBuildFile; fileRef = 3506002C1D50AC4B00DAFF6C /* MJ_iOS_ProjTests.m */; };
		3546C2091D51800800EC66A9 /* InfoVC.m in Sources */ = {isa = PBXBuildFile; fileRef = 3546C2081D51800800EC66A9 /* InfoVC.m */; };
		3546C20C1D51801900EC66A9 /* DiscoverVC.m in Sources */ = {isa = PBXBuildFile; fileRef = 3546C20B1D51801900EC66A9 /* DiscoverVC.m */; };
		3546C20E1D5183BE00EC66A9 /* README.md in Sources */ = {isa = PBXBuildFile; fileRef = 3546C20D1D5183BE00EC66A9 /* README.md */; };
		3546C2121D51928800EC66A9 /* CUSTextField.m in Sources */ = {isa = PBXBuildFile; fileRef = 3546C2111D51928800EC66A9 /* CUSTextField.m */; };
		3546C2191D51939D00EC66A9 /* UITextField+Util.m in Sources */ = {isa = PBXBuildFile; fileRef = 3546C2181D51939D00EC66A9 /* UITextField+Util.m */; };
		D8DB4099EAE2DC4210CB534B /* libPods-MJ_iOS_ProjTests.a in Frameworks */ = {isa = PBXBuildFile; fileRef = 772A42204E65CBF4257780E1 /* libPods-MJ_iOS_ProjTests.a */; };
/* End PBXBuildFile section */

/* Begin PBXContainerItemProxy section */
		350600291D50AC4B00DAFF6C /* PBXContainerItemProxy */ = {
			isa = PBXContainerItemProxy;
			containerPortal = 350600071D50AC4B00DAFF6C /* Project object */;
			proxyType = 1;
			remoteGlobalIDString = 3506000E1D50AC4B00DAFF6C;
			remoteInfo = MJ_iOS_Proj;
		};
/* End PBXContainerItemProxy section */

/* Begin PBXFileReference section */
		3506000F1D50AC4B00DAFF6C /* MJ_iOS_Proj.app */ = {isa = PBXFileReference; explicitFileType = wrapper.application; includeInIndex = 0; path = MJ_iOS_Proj.app; sourceTree = BUILT_PRODUCTS_DIR; };
		350600131D50AC4B00DAFF6C /* main.m */ = {isa = PBXFileReference; lastKnownFileType = sourcecode.c.objc; path = main.m; sourceTree = "<group>"; };
		350600151D50AC4B00DAFF6C /* AppDelegate.h */ = {isa = PBXFileReference; lastKnownFileType = sourcecode.c.h; path = AppDelegate.h; sourceTree = "<group>"; };
		350600161D50AC4B00DAFF6C /* AppDelegate.m */ = {isa = PBXFileReference; lastKnownFileType = sourcecode.c.objc; path = AppDelegate.m; sourceTree = "<group>"; };
		350600181D50AC4B00DAFF6C /* ViewController.h */ = {isa = PBXFileReference; lastKnownFileType = sourcecode.c.h; path = ViewController.h; sourceTree = "<group>"; };
		350600191D50AC4B00DAFF6C /* ViewController.m */ = {isa = PBXFileReference; lastKnownFileType = sourcecode.c.objc; path = ViewController.m; sourceTree = "<group>"; };
		3506001C1D50AC4B00DAFF6C /* Base */ = {isa = PBXFileReference; lastKnownFileType = file.storyboard; name = Base; path = Base.lproj/Main.storyboard; sourceTree = "<group>"; };
		3506001E1D50AC4B00DAFF6C /* Assets.xcassets */ = {isa = PBXFileReference; lastKnownFileType = folder.assetcatalog; path = Assets.xcassets; sourceTree = "<group>"; };
		350600211D50AC4B00DAFF6C /* Base */ = {isa = PBXFileReference; lastKnownFileType = file.storyboard; name = Base; path = Base.lproj/LaunchScreen.storyboard; sourceTree = "<group>"; };
		350600231D50AC4B00DAFF6C /* Info.plist */ = {isa = PBXFileReference; lastKnownFileType = text.plist.xml; path = Info.plist; sourceTree = "<group>"; };
		350600281D50AC4B00DAFF6C /* MJ_iOS_ProjTests.xctest */ = {isa = PBXFileReference; explicitFileType = wrapper.cfbundle; includeInIndex = 0; path = MJ_iOS_ProjTests.xctest; sourceTree = BUILT_PRODUCTS_DIR; };
		3506002C1D50AC4B00DAFF6C /* MJ_iOS_ProjTests.m */ = {isa = PBXFileReference; lastKnownFileType = sourcecode.c.objc; path = MJ_iOS_ProjTests.m; sourceTree = "<group>"; };
		3506002E1D50AC4B00DAFF6C /* Info.plist */ = {isa = PBXFileReference; lastKnownFileType = text.plist.xml; path = Info.plist; sourceTree = "<group>"; };
		3546C1FB1D517A1500EC66A9 /* UtilMacro.h */ = {isa = PBXFileReference; lastKnownFileType = sourcecode.c.h; path = UtilMacro.h; sourceTree = "<group>"; };
		3546C2061D517F3500EC66A9 /* UIMacro.h */ = {isa = PBXFileReference; lastKnownFileType = sourcecode.c.h; path = UIMacro.h; sourceTree = "<group>"; };
		3546C2071D51800800EC66A9 /* InfoVC.h */ = {isa = PBXFileReference; fileEncoding = 4; lastKnownFileType = sourcecode.c.h; path = InfoVC.h; sourceTree = "<group>"; };
		3546C2081D51800800EC66A9 /* InfoVC.m */ = {isa = PBXFileReference; fileEncoding = 4; lastKnownFileType = sourcecode.c.objc; path = InfoVC.m; sourceTree = "<group>"; };
		3546C20A1D51801900EC66A9 /* DiscoverVC.h */ = {isa = PBXFileReference; fileEncoding = 4; lastKnownFileType = sourcecode.c.h; path = DiscoverVC.h; sourceTree = "<group>"; };
		3546C20B1D51801900EC66A9 /* DiscoverVC.m */ = {isa = PBXFileReference; fileEncoding = 4; lastKnownFileType = sourcecode.c.objc; path = DiscoverVC.m; sourceTree = "<group>"; };
		3546C20D1D5183BE00EC66A9 /* README.md */ = {isa = PBXFileReference; fileEncoding = 4; lastKnownFileType = net.daringfireball.markdown; path = README.md; sourceTree = "<group>"; };
		3546C2101D51928800EC66A9 /* CUSTextField.h */ = {isa = PBXFileReference; fileEncoding = 4; lastKnownFileType = sourcecode.c.h; path = CUSTextField.h; sourceTree = "<group>"; };
		3546C2111D51928800EC66A9 /* CUSTextField.m */ = {isa = PBXFileReference; fileEncoding = 4; lastKnownFileType = sourcecode.c.objc; path = CUSTextField.m; sourceTree = "<group>"; };
		3546C2171D51939D00EC66A9 /* UITextField+Util.h */ = {isa = PBXFileReference; fileEncoding = 4; lastKnownFileType = sourcecode.c.h; path = "UITextField+Util.h"; sourceTree = "<group>"; };
		3546C2181D51939D00EC66A9 /* UITextField+Util.m */ = {isa = PBXFileReference; fileEncoding = 4; lastKnownFileType = sourcecode.c.objc; path = "UITextField+Util.m"; sourceTree = "<group>"; };
		4CB00AC84CC0F730D0A7209F /* Pods-MJ_iOS_ProjTests.debug.xcconfig */ = {isa = PBXFileReference; includeInIndex = 1; lastKnownFileType = text.xcconfig; name = "Pods-MJ_iOS_ProjTests.debug.xcconfig"; path = "Pods/Target Support Files/Pods-MJ_iOS_ProjTests/Pods-MJ_iOS_ProjTests.debug.xcconfig"; sourceTree = "<group>"; };
		5C26E0F5234B720D5F9CA943 /* Pods-MJ_iOS_Proj.release.xcconfig */ = {isa = PBXFileReference; includeInIndex = 1; lastKnownFileType = text.xcconfig; name = "Pods-MJ_iOS_Proj.release.xcconfig"; path = "Pods/Target Support Files/Pods-MJ_iOS_Proj/Pods-MJ_iOS_Proj.release.xcconfig"; sourceTree = "<group>"; };
		71C19DA2C7C9D92C35AE0D36 /* Pods-MJ_iOS_ProjTests.release.xcconfig */ = {isa = PBXFileReference; includeInIndex = 1; lastKnownFileType = text.xcconfig; name = "Pods-MJ_iOS_ProjTests.release.xcconfig"; path = "Pods/Target Support Files/Pods-MJ_iOS_ProjTests/Pods-MJ_iOS_ProjTests.release.xcconfig"; sourceTree = "<group>"; };
		772A42204E65CBF4257780E1 /* libPods-MJ_iOS_ProjTests.a */ = {isa = PBXFileReference; explicitFileType = archive.ar; includeInIndex = 0; path = "libPods-MJ_iOS_ProjTests.a"; sourceTree = BUILT_PRODUCTS_DIR; };
		E6079BC23FF3175D1D7EA044 /* libPods-MJ_iOS_Proj.a */ = {isa = PBXFileReference; explicitFileType = archive.ar; includeInIndex = 0; path = "libPods-MJ_iOS_Proj.a"; sourceTree = BUILT_PRODUCTS_DIR; };
		EA985B6D2B93201A75E0D6A4 /* Pods-MJ_iOS_Proj.debug.xcconfig */ = {isa = PBXFileReference; includeInIndex = 1; lastKnownFileType = text.xcconfig; name = "Pods-MJ_iOS_Proj.debug.xcconfig"; path = "Pods/Target Support Files/Pods-MJ_iOS_Proj/Pods-MJ_iOS_Proj.debug.xcconfig"; sourceTree = "<group>"; };
/* End PBXFileReference section */

/* Begin PBXFrameworksBuildPhase section */
		3506000C1D50AC4B00DAFF6C /* Frameworks */ = {
			isa = PBXFrameworksBuildPhase;
			buildActionMask = 2147483647;
			files = (
				193EE69593B9435B07AA1C1D /* libPods-MJ_iOS_Proj.a in Frameworks */,
			);
			runOnlyForDeploymentPostprocessing = 0;
		};
		350600251D50AC4B00DAFF6C /* Frameworks */ = {
			isa = PBXFrameworksBuildPhase;
			buildActionMask = 2147483647;
			files = (
				D8DB4099EAE2DC4210CB534B /* libPods-MJ_iOS_ProjTests.a in Frameworks */,
			);
			runOnlyForDeploymentPostprocessing = 0;
		};
/* End PBXFrameworksBuildPhase section */

/* Begin PBXGroup section */
		350600061D50AC4B00DAFF6C = {
			isa = PBXGroup;
			children = (
				7851C647F5B0EA9F2EE4D386 /* Frameworks */,
				350600111D50AC4B00DAFF6C /* MJ_iOS_Proj */,
				3506002B1D50AC4B00DAFF6C /* MJ_iOS_ProjTests */,
				350600101D50AC4B00DAFF6C /* Products */,
				DC63C8CBE6C2FE3DA55CCCF9 /* Pods */,
			);
			sourceTree = "<group>";
		};
		350600101D50AC4B00DAFF6C /* Products */ = {
			isa = PBXGroup;
			children = (
				3506000F1D50AC4B00DAFF6C /* MJ_iOS_Proj.app */,
				350600281D50AC4B00DAFF6C /* MJ_iOS_ProjTests.xctest */,
			);
			name = Products;
			sourceTree = "<group>";
		};
		350600111D50AC4B00DAFF6C /* MJ_iOS_Proj */ = {
			isa = PBXGroup;
			children = (
				3546C2051D517F2300EC66A9 /* Macros */,
				3546C2131D5192FA00EC66A9 /* Categories */,
				3546C2031D517F0900EC66A9 /* Model */,
				3546C2041D517F1700EC66A9 /* Service */,
				3546C2011D517EF700EC66A9 /* VC */,
				3546C2021D517EFF00EC66A9 /* View */,
				350600151D50AC4B00DAFF6C /* AppDelegate.h */,
				350600161D50AC4B00DAFF6C /* AppDelegate.m */,
				3506001E1D50AC4B00DAFF6C /* Assets.xcassets */,
				350600231D50AC4B00DAFF6C /* Info.plist */,
				350600201D50AC4B00DAFF6C /* LaunchScreen.storyboard */,
				3506001B1D50AC4B00DAFF6C /* Main.storyboard */,
				350600181D50AC4B00DAFF6C /* ViewController.h */,
				350600191D50AC4B00DAFF6C /* ViewController.m */,
				350600121D50AC4B00DAFF6C /* Supporting Files */,
			);
			path = MJ_iOS_Proj;
			sourceTree = "<group>";
		};
		350600121D50AC4B00DAFF6C /* Supporting Files */ = {
			isa = PBXGroup;
			children = (
				3546C20F1D51866500EC66A9 /* Images */,
				3546C20D1D5183BE00EC66A9 /* README.md */,
				350600131D50AC4B00DAFF6C /* main.m */,
			);
			path = "Supporting Files";
			sourceTree = "<group>";
		};
		3506002B1D50AC4B00DAFF6C /* MJ_iOS_ProjTests */ = {
			isa = PBXGroup;
			children = (
				3506002E1D50AC4B00DAFF6C /* Info.plist */,
				3506002C1D50AC4B00DAFF6C /* MJ_iOS_ProjTests.m */,
			);
			path = MJ_iOS_ProjTests;
			sourceTree = "<group>";
		};
		3546C2011D517EF700EC66A9 /* VC */ = {
			isa = PBXGroup;
			children = (
				3546C2071D51800800EC66A9 /* InfoVC.h */,
				3546C2081D51800800EC66A9 /* InfoVC.m */,
				3546C20A1D51801900EC66A9 /* DiscoverVC.h */,
				3546C20B1D51801900EC66A9 /* DiscoverVC.m */,
			);
			path = VC;
			sourceTree = "<group>";
		};
		3546C2021D517EFF00EC66A9 /* View */ = {
			isa = PBXGroup;
			children = (
				3546C2101D51928800EC66A9 /* CUSTextField.h */,
				3546C2111D51928800EC66A9 /* CUSTextField.m */,
			);
			path = View;
			sourceTree = "<group>";
		};
		3546C2031D517F0900EC66A9 /* Model */ = {
			isa = PBXGroup;
			children = (
			);
			path = Model;
			sourceTree = "<group>";
		};
		3546C2041D517F1700EC66A9 /* Service */ = {
			isa = PBXGroup;
			children = (
			);
			path = Service;
			sourceTree = "<group>";
		};
		3546C2051D517F2300EC66A9 /* Macros */ = {
			isa = PBXGroup;
			children = (
				3546C2061D517F3500EC66A9 /* UIMacro.h */,
				3546C1FB1D517A1500EC66A9 /* UtilMacro.h */,
			);
			path = Macros;
			sourceTree = "<group>";
		};
		3546C20F1D51866500EC66A9 /* Images */ = {
			isa = PBXGroup;
			children = (
			);
			path = Images;
			sourceTree = "<group>";
		};
		3546C2131D5192FA00EC66A9 /* Categories */ = {
			isa = PBXGroup;
			children = (
				3546C2171D51939D00EC66A9 /* UITextField+Util.h */,
				3546C2181D51939D00EC66A9 /* UITextField+Util.m */,
			);
			path = Categories;
			sourceTree = "<group>";
		};
		7851C647F5B0EA9F2EE4D386 /* Frameworks */ = {
			isa = PBXGroup;
			children = (
				E6079BC23FF3175D1D7EA044 /* libPods-MJ_iOS_Proj.a */,
				772A42204E65CBF4257780E1 /* libPods-MJ_iOS_ProjTests.a */,
			);
			name = Frameworks;
			sourceTree = "<group>";
		};
		DC63C8CBE6C2FE3DA55CCCF9 /* Pods */ = {
			isa = PBXGroup;
			children = (
				EA985B6D2B93201A75E0D6A4 /* Pods-MJ_iOS_Proj.debug.xcconfig */,
				5C26E0F5234B720D5F9CA943 /* Pods-MJ_iOS_Proj.release.xcconfig */,
				4CB00AC84CC0F730D0A7209F /* Pods-MJ_iOS_ProjTests.debug.xcconfig */,
				71C19DA2C7C9D92C35AE0D36 /* Pods-MJ_iOS_ProjTests.release.xcconfig */,
			);
			name = Pods;
			sourceTree = "<group>";
		};
/* End PBXGroup section */

/* Begin PBXNativeTarget section */
		3506000E1D50AC4B00DAFF6C /* MJ_iOS_Proj */ = {
			isa = PBXNativeTarget;
			buildConfigurationList = 350600311D50AC4B00DAFF6C /* Build configuration list for PBXNativeTarget "MJ_iOS_Proj" */;
			buildPhases = (
				ECB31BE40010C5584630960F /* [CP] Check Pods Manifest.lock */,
				3506000B1D50AC4B00DAFF6C /* Sources */,
				3506000C1D50AC4B00DAFF6C /* Frameworks */,
				3506000D1D50AC4B00DAFF6C /* Resources */,
				3984E1F851580DC428FAAA04 /* [CP] Embed Pods Frameworks */,
				167E76A862CEF997280338C2 /* [CP] Copy Pods Resources */,
			);
			buildRules = (
			);
			dependencies = (
			);
			name = MJ_iOS_Proj;
			productName = MJ_iOS_Proj;
			productReference = 3506000F1D50AC4B00DAFF6C /* MJ_iOS_Proj.app */;
			productType = "com.apple.product-type.application";
		};
		350600271D50AC4B00DAFF6C /* MJ_iOS_ProjTests */ = {
			isa = PBXNativeTarget;
			buildConfigurationList = 350600341D50AC4B00DAFF6C /* Build configuration list for PBXNativeTarget "MJ_iOS_ProjTests" */;
			buildPhases = (
				F7B5D4C41706F345620D547E /* [CP] Check Pods Manifest.lock */,
				350600241D50AC4B00DAFF6C /* Sources */,
				350600251D50AC4B00DAFF6C /* Frameworks */,
				350600261D50AC4B00DAFF6C /* Resources */,
				841CD665A019ED1B58262476 /* [CP] Embed Pods Frameworks */,
				652A516C80B5829AE2662638 /* [CP] Copy Pods Resources */,
			);
			buildRules = (
			);
			dependencies = (
				3506002A1D50AC4B00DAFF6C /* PBXTargetDependency */,
			);
			name = MJ_iOS_ProjTests;
			productName = MJ_iOS_ProjTests;
			productReference = 350600281D50AC4B00DAFF6C /* MJ_iOS_ProjTests.xctest */;
			productType = "com.apple.product-type.bundle.unit-test";
		};
/* End PBXNativeTarget section */

/* Begin PBXProject section */
		350600071D50AC4B00DAFF6C /* Project object */ = {
			isa = PBXProject;
			attributes = {
				LastUpgradeCheck = 0730;
				ORGANIZATIONNAME = minjie;
				TargetAttributes = {
					3506000E1D50AC4B00DAFF6C = {
						CreatedOnToolsVersion = 7.3;
					};
					350600271D50AC4B00DAFF6C = {
						CreatedOnToolsVersion = 7.3;
						TestTargetID = 3506000E1D50AC4B00DAFF6C;
					};
				};
			};
			buildConfigurationList = 3506000A1D50AC4B00DAFF6C /* Build configuration list for PBXProject "MJ_iOS_Proj" */;
			compatibilityVersion = "Xcode 3.2";
			developmentRegion = English;
			hasScannedForEncodings = 0;
			knownRegions = (
				en,
				Base,
			);
			mainGroup = 350600061D50AC4B00DAFF6C;
			productRefGroup = 350600101D50AC4B00DAFF6C /* Products */;
			projectDirPath = "";
			projectRoot = "";
			targets = (
				3506000E1D50AC4B00DAFF6C /* MJ_iOS_Proj */,
				350600271D50AC4B00DAFF6C /* MJ_iOS_ProjTests */,
			);
		};
/* End PBXProject section */

/* Begin PBXResourcesBuildPhase section */
		3506000D1D50AC4B00DAFF6C /* Resources */ = {
			isa = PBXResourcesBuildPhase;
			buildActionMask = 2147483647;
			files = (
				350600221D50AC4B00DAFF6C /* LaunchScreen.storyboard in Resources */,
				3506001F1D50AC4B00DAFF6C /* Assets.xcassets in Resources */,
				3506001D1D50AC4B00DAFF6C /* Main.storyboard in Resources */,
			);
			runOnlyForDeploymentPostprocessing = 0;
		};
		350600261D50AC4B00DAFF6C /* Resources */ = {
			isa = PBXResourcesBuildPhase;
			buildActionMask = 2147483647;
			files = (
			);
			runOnlyForDeploymentPostprocessing = 0;
		};
/* End PBXResourcesBuildPhase section */

/* Begin PBXShellScriptBuildPhase section */
		167E76A862CEF997280338C2 /* [CP] Copy Pods Resources */ = {
			isa = PBXShellScriptBuildPhase;
			buildActionMask = 2147483647;
			files = (
			);
			inputPaths = (
			);
			name = "[CP] Copy Pods Resources";
			outputPaths = (
			);
			runOnlyForDeploymentPostprocessing = 0;
			shellPath = /bin/sh;
			shellScript = "\"${SRCROOT}/Pods/Target Support Files/Pods-MJ_iOS_Proj/Pods-MJ_iOS_Proj-resources.sh\"\n";
			showEnvVarsInLog = 0;
		};
		3984E1F851580DC428FAAA04 /* [CP] Embed Pods Frameworks */ = {
			isa = PBXShellScriptBuildPhase;
			buildActionMask = 2147483647;
			files = (
			);
			inputPaths = (
			);
			name = "[CP] Embed Pods Frameworks";
			outputPaths = (
			);
			runOnlyForDeploymentPostprocessing = 0;
			shellPath = /bin/sh;
			shellScript = "\"${SRCROOT}/Pods/Target Support Files/Pods-MJ_iOS_Proj/Pods-MJ_iOS_Proj-frameworks.sh\"\n";
			showEnvVarsInLog = 0;
		};
		652A516C80B5829AE2662638 /* [CP] Copy Pods Resources */ = {
			isa = PBXShellScriptBuildPhase;
			buildActionMask = 2147483647;
			files = (
			);
			inputPaths = (
			);
			name = "[CP] Copy Pods Resources";
			outputPaths = (
			);
			runOnlyForDeploymentPostprocessing = 0;
			shellPath = /bin/sh;
			shellScript = "\"${SRCROOT}/Pods/Target Support Files/Pods-MJ_iOS_ProjTests/Pods-MJ_iOS_ProjTests-resources.sh\"\n";
			showEnvVarsInLog = 0;
		};
		841CD665A019ED1B58262476 /* [CP] Embed Pods Frameworks */ = {
			isa = PBXShellScriptBuildPhase;
			buildActionMask = 2147483647;
			files = (
			);
			inputPaths = (
			);
			name = "[CP] Embed Pods Frameworks";
			outputPaths = (
			);
			runOnlyForDeploymentPostprocessing = 0;
			shellPath = /bin/sh;
			shellScript = "\"${SRCROOT}/Pods/Target Support Files/Pods-MJ_iOS_ProjTests/Pods-MJ_iOS_ProjTests-frameworks.sh\"\n";
			showEnvVarsInLog = 0;
		};
		ECB31BE40010C5584630960F /* [CP] Check Pods Manifest.lock */ = {
			isa = PBXShellScriptBuildPhase;
			buildActionMask = 2147483647;
			files = (
			);
			inputPaths = (
			);
			name = "[CP] Check Pods Manifest.lock";
			outputPaths = (
			);
			runOnlyForDeploymentPostprocessing = 0;
			shellPath = /bin/sh;
			shellScript = "diff \"${PODS_ROOT}/../Podfile.lock\" \"${PODS_ROOT}/Manifest.lock\" > /dev/null\nif [[ $? != 0 ]] ; then\n    cat << EOM\nerror: The sandbox is not in sync with the Podfile.lock. Run 'pod install' or update your CocoaPods installation.\nEOM\n    exit 1\nfi\n";
			showEnvVarsInLog = 0;
		};
		F7B5D4C41706F345620D547E /* [CP] Check Pods Manifest.lock */ = {
			isa = PBXShellScriptBuildPhase;
			buildActionMask = 2147483647;
			files = (
			);
			inputPaths = (
			);
			name = "[CP] Check Pods Manifest.lock";
			outputPaths = (
			);
			runOnlyForDeploymentPostprocessing = 0;
			shellPath = /bin/sh;
			shellScript = "diff \"${PODS_ROOT}/../Podfile.lock\" \"${PODS_ROOT}/Manifest.lock\" > /dev/null\nif [[ $? != 0 ]] ; then\n    cat << EOM\nerror: The sandbox is not in sync with the Podfile.lock. Run 'pod install' or update your CocoaPods installation.\nEOM\n    exit 1\nfi\n";
			showEnvVarsInLog = 0;
		};
/* End PBXShellScriptBuildPhase section */

/* Begin PBXSourcesBuildPhase section */
		3506000B1D50AC4B00DAFF6C /* Sources */ = {
			isa = PBXSourcesBuildPhase;
			buildActionMask = 2147483647;
			files = (
				3546C20E1D5183BE00EC66A9 /* README.md in Sources */,
				3546C2091D51800800EC66A9 /* InfoVC.m in Sources */,
				3506001A1D50AC4B00DAFF6C /* ViewController.m in Sources */,
				350600171D50AC4B00DAFF6C /* AppDelegate.m in Sources */,
				3546C2121D51928800EC66A9 /* CUSTextField.m in Sources */,
				3546C2191D51939D00EC66A9 /* UITextField+Util.m in Sources */,
				3546C20C1D51801900EC66A9 /* DiscoverVC.m in Sources */,
				350600141D50AC4B00DAFF6C /* main.m in Sources */,
			);
			runOnlyForDeploymentPostprocessing = 0;
		};
		350600241D50AC4B00DAFF6C /* Sources */ = {
			isa = PBXSourcesBuildPhase;
			buildActionMask = 2147483647;
			files = (
				3506002D1D50AC4B00DAFF6C /* MJ_iOS_ProjTests.m in Sources */,
			);
			runOnlyForDeploymentPostprocessing = 0;
		};
/* End PBXSourcesBuildPhase section */

/* Begin PBXTargetDependency section */
		3506002A1D50AC4B00DAFF6C /* PBXTargetDependency */ = {
			isa = PBXTargetDependency;
			target = 3506000E1D50AC4B00DAFF6C /* MJ_iOS_Proj */;
			targetProxy = 350600291D50AC4B00DAFF6C /* PBXContainerItemProxy */;
		};
/* End PBXTargetDependency section */

/* Begin PBXVariantGroup section */
		3506001B1D50AC4B00DAFF6C /* Main.storyboard */ = {
			isa = PBXVariantGroup;
			children = (
				3506001C1D50AC4B00DAFF6C /* Base */,
			);
			name = Main.storyboard;
			path = .;
			sourceTree = "<group>";
		};
		350600201D50AC4B00DAFF6C /* LaunchScreen.storyboard */ = {
			isa = PBXVariantGroup;
			children = (
				350600211D50AC4B00DAFF6C /* Base */,
			);
			name = LaunchScreen.storyboard;
			path = .;
			sourceTree = "<group>";
		};
/* End PBXVariantGroup section */

/* Begin XCBuildConfiguration section */
		3506002F1D50AC4B00DAFF6C /* Debug */ = {
			isa = XCBuildConfiguration;
			buildSettings = {
				ALWAYS_SEARCH_USER_PATHS = NO;
				CLANG_ANALYZER_NONNULL = YES;
				CLANG_CXX_LANGUAGE_STANDARD = "gnu++0x";
				CLANG_CXX_LIBRARY = "libc++";
				CLANG_ENABLE_MODULES = YES;
				CLANG_ENABLE_OBJC_ARC = YES;
				CLANG_WARN_BOOL_CONVERSION = YES;
				CLANG_WARN_CONSTANT_CONVERSION = YES;
				CLANG_WARN_DIRECT_OBJC_ISA_USAGE = YES_ERROR;
				CLANG_WARN_EMPTY_BODY = YES;
				CLANG_WARN_ENUM_CONVERSION = YES;
				CLANG_WARN_INT_CONVERSION = YES;
				CLANG_WARN_OBJC_ROOT_CLASS = YES_ERROR;
				CLANG_WARN_UNREACHABLE_CODE = YES;
				CLANG_WARN__DUPLICATE_METHOD_MATCH = YES;
				"CODE_SIGN_IDENTITY[sdk=iphoneos*]" = "iPhone Developer";
				COPY_PHASE_STRIP = NO;
				DEBUG_INFORMATION_FORMAT = dwarf;
				ENABLE_STRICT_OBJC_MSGSEND = YES;
				ENABLE_TESTABILITY = YES;
				GCC_C_LANGUAGE_STANDARD = gnu99;
				GCC_DYNAMIC_NO_PIC = NO;
				GCC_NO_COMMON_BLOCKS = YES;
				GCC_OPTIMIZATION_LEVEL = 0;
				GCC_PREPROCESSOR_DEFINITIONS = (
					"DEBUG=1",
					"$(inherited)",
				);
				GCC_WARN_64_TO_32_BIT_CONVERSION = YES;
				GCC_WARN_ABOUT_RETURN_TYPE = YES_ERROR;
				GCC_WARN_UNDECLARED_SELECTOR = YES;
				GCC_WARN_UNINITIALIZED_AUTOS = YES_AGGRESSIVE;
				GCC_WARN_UNUSED_FUNCTION = YES;
				GCC_WARN_UNUSED_VARIABLE = YES;
				IPHONEOS_DEPLOYMENT_TARGET = 9.3;
				MTL_ENABLE_DEBUG_INFO = YES;
				ONLY_ACTIVE_ARCH = YES;
				SDKROOT = iphoneos;
			};
			name = Debug;
		};
		350600301D50AC4B00DAFF6C /* Release */ = {
			isa = XCBuildConfiguration;
			buildSettings = {
				ALWAYS_SEARCH_USER_PATHS = NO;
				CLANG_ANALYZER_NONNULL = YES;
				CLANG_CXX_LANGUAGE_STANDARD = "gnu++0x";
				CLANG_CXX_LIBRARY = "libc++";
				CLANG_ENABLE_MODULES = YES;
				CLANG_ENABLE_OBJC_ARC = YES;
				CLANG_WARN_BOOL_CONVERSION = YES;
				CLANG_WARN_CONSTANT_CONVERSION = YES;
				CLANG_WARN_DIRECT_OBJC_ISA_USAGE = YES_ERROR;
				CLANG_WARN_EMPTY_BODY = YES;
				CLANG_WARN_ENUM_CONVERSION = YES;
				CLANG_WARN_INT_CONVERSION = YES;
				CLANG_WARN_OBJC_ROOT_CLASS = YES_ERROR;
				CLANG_WARN_UNREACHABLE_CODE = YES;
				CLANG_WARN__DUPLICATE_METHOD_MATCH = YES;
				"CODE_SIGN_IDENTITY[sdk=iphoneos*]" = "iPhone Developer";
				COPY_PHASE_STRIP = NO;
				DEBUG_INFORMATION_FORMAT = "dwarf-with-dsym";
				ENABLE_NS_ASSERTIONS = NO;
				ENABLE_STRICT_OBJC_MSGSEND = YES;
				GCC_C_LANGUAGE_STANDARD = gnu99;
				GCC_NO_COMMON_BLOCKS = YES;
				GCC_WARN_64_TO_32_BIT_CONVERSION = YES;
				GCC_WARN_ABOUT_RETURN_TYPE = YES_ERROR;
				GCC_WARN_UNDECLARED_SELECTOR = YES;
				GCC_WARN_UNINITIALIZED_AUTOS = YES_AGGRESSIVE;
				GCC_WARN_UNUSED_FUNCTION = YES;
				GCC_WARN_UNUSED_VARIABLE = YES;
				IPHONEOS_DEPLOYMENT_TARGET = 9.3;
				MTL_ENABLE_DEBUG_INFO = NO;
				SDKROOT = iphoneos;
				VALIDATE_PRODUCT = YES;
			};
			name = Release;
		};
		350600321D50AC4B00DAFF6C /* Debug */ = {
			isa = XCBuildConfiguration;
			baseConfigurationReference = EA985B6D2B93201A75E0D6A4 /* Pods-MJ_iOS_Proj.debug.xcconfig */;
			buildSettings = {
				ASSETCATALOG_COMPILER_APPICON_NAME = AppIcon;
				GCC_PRECOMPILE_PREFIX_HEADER = YES;
				GCC_PREFIX_HEADER = "";
				INFOPLIST_FILE = MJ_iOS_Proj/Info.plist;
				LD_RUNPATH_SEARCH_PATHS = "$(inherited) @executable_path/Frameworks";
				PRODUCT_BUNDLE_IDENTIFIER = "com.mj.MJ-iOS-Proj";
				PRODUCT_NAME = "$(TARGET_NAME)";
			};
			name = Debug;
		};
		350600331D50AC4B00DAFF6C /* Release */ = {
			isa = XCBuildConfiguration;
			baseConfigurationReference = 5C26E0F5234B720D5F9CA943 /* Pods-MJ_iOS_Proj.release.xcconfig */;
			buildSettings = {
				ASSETCATALOG_COMPILER_APPICON_NAME = AppIcon;
				GCC_PRECOMPILE_PREFIX_HEADER = YES;
				GCC_PREFIX_HEADER = "";
				INFOPLIST_FILE = MJ_iOS_Proj/Info.plist;
				LD_RUNPATH_SEARCH_PATHS = "$(inherited) @executable_path/Frameworks";
				PRODUCT_BUNDLE_IDENTIFIER = "com.mj.MJ-iOS-Proj";
				PRODUCT_NAME = "$(TARGET_NAME)";
			};
			name = Release;
		};
		350600351D50AC4B00DAFF6C /* Debug */ = {
			isa = XCBuildConfiguration;
			baseConfigurationReference = 4CB00AC84CC0F730D0A7209F /* Pods-MJ_iOS_ProjTests.debug.xcconfig */;
			buildSettings = {
				BUNDLE_LOADER = "$(TEST_HOST)";
				INFOPLIST_FILE = MJ_iOS_ProjTests/Info.plist;
				LD_RUNPATH_SEARCH_PATHS = "$(inherited) @executable_path/Frameworks @loader_path/Frameworks";
				PRODUCT_BUNDLE_IDENTIFIER = "com.mj.MJ-iOS-ProjTests";
				PRODUCT_NAME = "$(TARGET_NAME)";
				TEST_HOST = "$(BUILT_PRODUCTS_DIR)/MJ_iOS_Proj.app/MJ_iOS_Proj";
			};
			name = Debug;
		};
		350600361D50AC4B00DAFF6C /* Release */ = {
			isa = XCBuildConfiguration;
			baseConfigurationReference = 71C19DA2C7C9D92C35AE0D36 /* Pods-MJ_iOS_ProjTests.release.xcconfig */;
			buildSettings = {
				BUNDLE_LOADER = "$(TEST_HOST)";
				INFOPLIST_FILE = MJ_iOS_ProjTests/Info.plist;
				LD_RUNPATH_SEARCH_PATHS = "$(inherited) @executable_path/Frameworks @loader_path/Frameworks";
				PRODUCT_BUNDLE_IDENTIFIER = "com.mj.MJ-iOS-ProjTests";
				PRODUCT_NAME = "$(TARGET_NAME)";
				TEST_HOST = "$(BUILT_PRODUCTS_DIR)/MJ_iOS_Proj.app/MJ_iOS_Proj";
			};
			name = Release;
		};
/* End XCBuildConfiguration section */

/* Begin XCConfigurationList section */
		3506000A1D50AC4B00DAFF6C /* Build configuration list for PBXProject "MJ_iOS_Proj" */ = {
			isa = XCConfigurationList;
			buildConfigurations = (
				3506002F1D50AC4B00DAFF6C /* Debug */,
				350600301D50AC4B00DAFF6C /* Release */,
			);
			defaultConfigurationIsVisible = 0;
			defaultConfigurationName = Release;
		};
		350600311D50AC4B00DAFF6C /* Build configuration list for PBXNativeTarget "MJ_iOS_Proj" */ = {
			isa = XCConfigurationList;
			buildConfigurations = (
				350600321D50AC4B00DAFF6C /* Debug */,
				350600331D50AC4B00DAFF6C /* Release */,
			);
			defaultConfigurationIsVisible = 0;
			defaultConfigurationName = Release;
		};
		350600341D50AC4B00DAFF6C /* Build configuration list for PBXNativeTarget "MJ_iOS_ProjTests" */ = {
			isa = XCConfigurationList;
			buildConfigurations = (
				350600351D50AC4B00DAFF6C /* Debug */,
				350600361D50AC4B00DAFF6C /* Release */,
			);
			defaultConfigurationIsVisible = 0;
			defaultConfigurationName = Release;
		};
/* End XCConfigurationList section */
	};
	rootObject = 350600071D50AC4B00DAFF6C /* Project object */;
}
